{
  "R": {
    "Version": "4.2.3",
    "Repositories": [
      {
        "Name": "CRAN",
        "URL": "https://cloud.r-project.org"
      }
    ]
  },
  "Packages": {
    "BH": {
      "Package": "BH",
      "Version": "1.81.0-1",
      "Source": "Repository",
      "Repository": "CRAN",
      "Hash": "68122010f01c4dcfbe58ce7112f2433d"
    },
    "Cairo": {
      "Package": "Cairo",
      "Version": "1.6-0",
      "Source": "Repository",
      "Repository": "CRAN",
      "Requirements": [
        "R",
        "grDevices",
        "graphics"
      ],
      "Hash": "60aada7beac23aa3e9b219485d6b2da8"
    },
    "DBI": {
      "Package": "DBI",
      "Version": "1.1.3",
      "Source": "Repository",
      "Repository": "CRAN",
      "Requirements": [
        "R",
        "methods"
      ],
      "Hash": "b2866e62bab9378c3cc9476a1954226b"
    },
    "DEoptimR": {
      "Package": "DEoptimR",
      "Version": "1.0-8",
      "Source": "Repository",
      "Repository": "CRAN",
      "Requirements": [
        "stats"
      ],
      "Hash": "4fdd17df6c1b897cb59bdd9cf6621a43"
    },
    "DT": {
      "Package": "DT",
      "Version": "0.16",
      "Source": "Repository",
      "Repository": "CRAN",
      "Requirements": [
        "crosstalk",
        "htmltools",
        "htmlwidgets",
        "jsonlite",
        "magrittr",
        "promises"
      ],
      "Hash": "acac794cc3e393ca65f916e5ced5c1d2"
    },
    "KernSmooth": {
      "Package": "KernSmooth",
      "Version": "2.23-20",
      "Source": "Repository",
      "Repository": "CRAN",
      "Requirements": [
        "R",
        "stats"
      ],
      "Hash": "8dcfa99b14c296bc9f1fd64d52fd3ce7"
    },
    "MASS": {
      "Package": "MASS",
      "Version": "7.3-58.1",
      "Source": "Repository",
      "Repository": "CRAN",
      "Requirements": [
        "R",
        "grDevices",
        "graphics",
        "methods",
        "stats",
        "utils"
      ],
      "Hash": "762e1804143a332333c054759f89a706"
    },
    "Matrix": {
      "Package": "Matrix",
      "Version": "1.5-1",
      "Source": "Repository",
      "Repository": "CRAN",
      "Requirements": [
        "R",
        "graphics",
        "grid",
        "lattice",
        "methods",
        "stats",
        "utils"
      ],
      "Hash": "539dc0c0c05636812f1080f473d2c177"
    },
    "R6": {
      "Package": "R6",
      "Version": "2.5.1",
      "Source": "Repository",
      "Repository": "CRAN",
      "Requirements": [
        "R"
      ],
      "Hash": "470851b6d5d0ac559e9d01bb352b4021"
    },
    "RColorBrewer": {
      "Package": "RColorBrewer",
      "Version": "1.1-2",
      "Source": "Repository",
      "Repository": "CRAN",
      "Requirements": [
        "R"
      ],
      "Hash": "e031418365a7f7a766181ab5a41a5716"
    },
    "RMySQL": {
      "Package": "RMySQL",
      "Version": "0.10.25",
      "Source": "Repository",
      "Repository": "CRAN",
      "Requirements": [
        "DBI",
        "R",
        "methods"
      ],
      "Hash": "c93263945d2ae96aaee33dd0e16bfe99"
    },
    "Rcpp": {
      "Package": "Rcpp",
      "Version": "1.0.10",
      "Source": "Repository",
      "Repository": "CRAN",
      "Requirements": [
        "methods",
        "utils"
      ],
      "Hash": "e749cae40fa9ef469b6050959517453c"
    },
    "RcppArmadillo": {
      "Package": "RcppArmadillo",
      "Version": "0.10.1.2.0",
      "Source": "Repository",
      "Repository": "CRAN",
      "Requirements": [
        "R",
        "Rcpp",
        "methods",
        "stats",
        "utils"
      ],
      "Hash": "1a885965adade4b8629c478a3b3c2cf7"
    },
    "RcppEigen": {
      "Package": "RcppEigen",
      "Version": "0.3.3.7.0",
      "Source": "Repository",
      "Repository": "CRAN",
      "Requirements": [
        "Matrix",
        "R",
        "Rcpp",
        "stats",
        "utils"
      ],
      "Hash": "c6faf038ba4346b1de19ad7c99b8f94a"
    },
    "Rttf2pt1": {
      "Package": "Rttf2pt1",
      "Version": "1.3.12",
      "Source": "Repository",
      "Repository": "CRAN",
      "Requirements": [
        "R"
      ],
      "Hash": "a60168d094ca7e4de5106d60001c3964"
    },
    "askpass": {
      "Package": "askpass",
      "Version": "1.1",
      "Source": "Repository",
      "Repository": "CRAN",
      "Requirements": [
        "sys"
      ],
      "Hash": "e8a22846fff485f0be3770c2da758713"
    },
    "assertthat": {
      "Package": "assertthat",
      "Version": "0.2.1",
      "Source": "Repository",
      "Repository": "CRAN",
      "Requirements": [
        "tools"
      ],
      "Hash": "50c838a310445e954bc13f26f26a6ecf"
    },
    "base64enc": {
      "Package": "base64enc",
      "Version": "0.1-3",
      "Source": "Repository",
      "Repository": "CRAN",
      "Requirements": [
        "R"
      ],
      "Hash": "543776ae6848fde2f48ff3816d0628bc"
    },
    "bigleaf": {
      "Package": "bigleaf",
      "Version": "0.7.1",
      "Source": "Repository",
      "Repository": "CRAN",
      "Requirements": [
        "R",
        "robustbase",
        "solartime"
      ],
      "Hash": "1610b1eb97d11d2caa046544ba0dbe36"
    },
    "bit": {
      "Package": "bit",
      "Version": "4.0.5",
      "Source": "Repository",
      "Repository": "CRAN",
      "Requirements": [
        "R"
      ],
      "Hash": "d242abec29412ce988848d0294b208fd"
    },
    "bit64": {
      "Package": "bit64",
      "Version": "4.0.5",
      "Source": "Repository",
      "Repository": "CRAN",
      "Requirements": [
        "R",
        "bit",
        "methods",
        "stats",
        "utils"
      ],
      "Hash": "9fe98599ca456d6552421db0d6772d8f"
    },
    "blob": {
      "Package": "blob",
      "Version": "1.2.1",
      "Source": "Repository",
      "Repository": "CRAN",
      "Requirements": [
        "methods",
        "rlang",
        "vctrs"
      ],
      "Hash": "9addc7e2c5954eca5719928131fed98c"
    },
    "boot": {
      "Package": "boot",
      "Version": "1.3-28",
      "Source": "Repository",
      "Repository": "CRAN",
      "Requirements": [
        "R",
        "graphics",
        "stats"
      ],
      "Hash": "0baa960e3b49c6176a4f42addcbacc59"
    },
    "brew": {
      "Package": "brew",
      "Version": "1.0-8",
      "Source": "Repository",
      "Repository": "CRAN",
      "Hash": "d69a786e85775b126bddbee185ae6084"
    },
    "bslib": {
      "Package": "bslib",
      "Version": "0.4.2",
      "Source": "Repository",
      "Repository": "CRAN",
      "Requirements": [
        "R",
        "base64enc",
        "cachem",
        "grDevices",
        "htmltools",
        "jquerylib",
        "jsonlite",
        "memoise",
        "mime",
        "rlang",
        "sass"
      ],
      "Hash": "a7fbf03946ad741129dc81098722fca1"
    },
    "cachem": {
      "Package": "cachem",
      "Version": "1.0.7",
      "Source": "Repository",
      "Repository": "CRAN",
      "Requirements": [
        "fastmap",
        "rlang"
      ],
      "Hash": "cda74447c42f529de601fe4d4050daef"
    },
    "callr": {
      "Package": "callr",
      "Version": "3.7.3",
      "Source": "Repository",
      "Repository": "CRAN",
      "Requirements": [
        "R",
        "R6",
        "processx",
        "utils"
      ],
      "Hash": "9b2191ede20fa29828139b9900922e51"
    },
    "class": {
      "Package": "class",
      "Version": "7.3-21",
      "Source": "Repository",
      "Repository": "CRAN",
      "Requirements": [
        "MASS",
        "R",
        "stats",
        "utils"
      ],
      "Hash": "8ae0d4328e2eb3a582dfd5391a3663b7"
    },
    "cli": {
      "Package": "cli",
      "Version": "3.6.0",
      "Source": "Repository",
      "Repository": "CRAN",
      "Requirements": [
        "R",
        "utils"
      ],
      "Hash": "3177a5a16c243adc199ba33117bd9657"
    },
    "clipr": {
      "Package": "clipr",
      "Version": "0.7.0",
      "Source": "Repository",
      "Repository": "CRAN",
      "Requirements": [
        "utils"
      ],
      "Hash": "08cf4045c149a0f0eaf405324c7495bd"
    },
    "cluster": {
      "Package": "cluster",
      "Version": "2.1.4",
      "Source": "Repository",
      "Repository": "CRAN",
      "Requirements": [
        "R",
        "grDevices",
        "graphics",
        "stats",
        "utils"
      ],
      "Hash": "5edbbabab6ce0bf7900a74fd4358628e"
    },
    "codetools": {
      "Package": "codetools",
      "Version": "0.2-18",
      "Source": "Repository",
      "Repository": "CRAN",
      "Requirements": [
        "R"
      ],
      "Hash": "019388fc48e48b3da0d3a76ff94608a8"
    },
    "colorspace": {
      "Package": "colorspace",
      "Version": "1.4-1",
      "Source": "Repository",
      "Repository": "CRAN",
      "Requirements": [
        "R",
        "grDevices",
        "graphics",
        "methods",
        "stats"
      ],
      "Hash": "6b436e95723d1f0e861224dd9b094dfb"
    },
    "commonmark": {
      "Package": "commonmark",
      "Version": "1.8.1",
      "Source": "Repository",
      "Repository": "CRAN",
      "Hash": "b6e3e947d1d7ebf3d2bdcea1bde63fe7"
    },
    "covr": {
      "Package": "covr",
      "Version": "3.5.1",
      "Source": "Repository",
      "Repository": "CRAN",
      "Requirements": [
        "R",
        "crayon",
        "digest",
        "httr",
        "jsonlite",
        "methods",
        "rex",
        "stats",
        "utils",
        "withr",
        "yaml"
      ],
      "Hash": "6d80a9fc3c0c8473153b54fa54719dfd"
    },
    "cpp11": {
      "Package": "cpp11",
      "Version": "0.4.3",
      "Source": "Repository",
      "Repository": "CRAN",
      "Hash": "ed588261931ee3be2c700d22e94a29ab"
    },
    "crayon": {
      "Package": "crayon",
      "Version": "1.5.2",
      "Source": "Repository",
      "Repository": "CRAN",
      "Requirements": [
        "grDevices",
        "methods",
        "utils"
      ],
      "Hash": "e8a1e41acf02548751f45c718d55aa6a"
    },
    "crosstalk": {
      "Package": "crosstalk",
      "Version": "1.1.0.1",
      "Source": "Repository",
      "Repository": "CRAN",
      "Requirements": [
        "R6",
        "htmltools",
        "jsonlite",
        "lazyeval"
      ],
      "Hash": "ae55f5d7c02f0ab43c58dd050694f2b4"
    },
    "crul": {
      "Package": "crul",
      "Version": "1.3",
      "Source": "Repository",
      "Repository": "CRAN",
      "Requirements": [
        "R6",
        "curl",
        "httpcode",
        "jsonlite",
        "mime",
        "urltools"
      ],
      "Hash": "2408d291bf25a9a6c27d912bcfe6ce0c"
    },
    "curl": {
      "Package": "curl",
      "Version": "4.3",
      "Source": "Repository",
      "Repository": "CRAN",
      "Requirements": [
        "R"
      ],
      "Hash": "2b7d10581cc730804e9ed178c8374bd6"
    },
    "data.table": {
      "Package": "data.table",
      "Version": "1.13.2",
      "Source": "Repository",
      "Repository": "CRAN",
      "Requirements": [
        "R",
        "methods"
      ],
      "Hash": "907b184e0fd13bc19154a8f322920015"
    },
    "dbplyr": {
      "Package": "dbplyr",
      "Version": "1.4.4",
      "Source": "Repository",
      "Repository": "CRAN",
      "Requirements": [
        "DBI",
        "R",
        "R6",
        "assertthat",
        "blob",
        "dplyr",
        "glue",
        "lifecycle",
        "magrittr",
        "methods",
        "purrr",
        "rlang",
        "tibble",
        "tidyselect",
        "utils"
      ],
      "Hash": "2ba60a82dd9b6ca3cee0d8e2574cdf0e"
    },
    "desc": {
      "Package": "desc",
      "Version": "1.4.2",
      "Source": "Repository",
      "Repository": "CRAN",
      "Requirements": [
        "R",
        "R6",
        "cli",
        "rprojroot",
        "utils"
      ],
      "Hash": "6b9602c7ebbe87101a9c8edb6e8b6d21"
    },
    "devtools": {
      "Package": "devtools",
      "Version": "2.3.2",
      "Source": "Repository",
      "Repository": "CRAN",
      "Requirements": [
        "DT",
        "R",
        "callr",
        "cli",
        "covr",
        "desc",
        "ellipsis",
        "httr",
        "jsonlite",
        "memoise",
        "pkgbuild",
        "pkgload",
        "rcmdcheck",
        "remotes",
        "rlang",
        "roxygen2",
        "rstudioapi",
        "rversions",
        "sessioninfo",
        "stats",
        "testthat",
        "tools",
        "usethis",
        "utils",
        "withr"
      ],
      "Hash": "415656f50722f5b6e6bcf80855ce11b9"
    },
    "digest": {
      "Package": "digest",
      "Version": "0.6.31",
      "Source": "Repository",
      "Repository": "CRAN",
      "Requirements": [
        "R",
        "utils"
      ],
      "Hash": "8b708f296afd9ae69f450f9640be8990"
    },
    "dplyr": {
      "Package": "dplyr",
      "Version": "1.1.0",
      "Source": "Repository",
      "Repository": "CRAN",
      "Requirements": [
        "R",
        "R6",
        "cli",
        "generics",
        "glue",
        "lifecycle",
        "magrittr",
        "methods",
        "pillar",
        "rlang",
        "tibble",
        "tidyselect",
        "utils",
        "vctrs"
      ],
      "Hash": "d3c34618017e7ae252d46d79a1b9ec32"
    },
    "ellipsis": {
      "Package": "ellipsis",
      "Version": "0.3.1",
      "Source": "Repository",
      "Repository": "CRAN",
      "Requirements": [
        "R",
        "rlang"
      ],
      "Hash": "fd2844b3a43ae2d27e70ece2df1b4e2a"
    },
    "evaluate": {
      "Package": "evaluate",
      "Version": "0.20",
      "Source": "Repository",
      "Repository": "CRAN",
      "Requirements": [
        "R",
        "methods"
      ],
      "Hash": "4b68aa51edd89a0e044a66e75ae3cc6c"
    },
    "extrafont": {
      "Package": "extrafont",
      "Version": "0.19",
      "Source": "Repository",
      "Repository": "CRAN",
      "Requirements": [
        "R",
        "Rttf2pt1",
        "extrafontdb",
        "grDevices",
        "utils"
      ],
      "Hash": "03d9939b37164f34e0522fef13e63158"
    },
    "extrafontdb": {
      "Package": "extrafontdb",
      "Version": "1.0",
      "Source": "Repository",
      "Repository": "CRAN",
      "Requirements": [
        "R"
      ],
      "Hash": "a861555ddec7451c653b40e713166c6f"
    },
    "fansi": {
      "Package": "fansi",
      "Version": "1.0.4",
      "Source": "Repository",
      "Repository": "CRAN",
      "Requirements": [
        "R",
        "grDevices",
        "utils"
      ],
      "Hash": "1d9e7ad3c8312a192dea7d3db0274fde"
    },
    "farver": {
      "Package": "farver",
      "Version": "2.0.3",
      "Source": "Repository",
      "Repository": "CRAN",
      "Hash": "dad6793a5a1f73c8e91f1a1e3e834b05"
    },
    "fastmap": {
      "Package": "fastmap",
      "Version": "1.0.1",
      "Source": "Repository",
      "Repository": "CRAN",
      "Hash": "83ab58a0518afe3d17e41da01af13b60"
    },
    "fontBitstreamVera": {
      "Package": "fontBitstreamVera",
      "Version": "0.1.1",
      "Source": "Repository",
      "Repository": "CRAN",
      "Requirements": [
        "R"
      ],
      "Hash": "f6068021eff4aba735a9b2353516636c"
    },
    "fontLiberation": {
      "Package": "fontLiberation",
      "Version": "0.1.0",
      "Source": "Repository",
      "Repository": "CRAN",
      "Requirements": [
        "R"
      ],
      "Hash": "f918c5e723f86f409912104d5b7a71d6"
    },
    "fontquiver": {
      "Package": "fontquiver",
      "Version": "0.2.1",
      "Source": "Repository",
      "Repository": "CRAN",
      "Requirements": [
        "R",
        "fontBitstreamVera",
        "fontLiberation"
      ],
      "Hash": "fc0f4226379e451057d55419fd31761e"
    },
    "forcats": {
      "Package": "forcats",
      "Version": "0.5.0",
      "Source": "Repository",
      "Repository": "CRAN",
      "Requirements": [
        "R",
        "ellipsis",
        "magrittr",
        "rlang",
        "tibble"
      ],
      "Hash": "1cb4279e697650f0bd78cd3601ee7576"
    },
    "foreign": {
      "Package": "foreign",
      "Version": "0.8-82",
      "Source": "Repository",
      "Repository": "CRAN",
      "Requirements": [
        "R",
        "methods",
        "stats",
        "utils"
      ],
      "Hash": "32b25c97ce306a760c4d9f787991b5d9"
    },
    "fs": {
      "Package": "fs",
      "Version": "1.6.1",
      "Source": "Repository",
      "Repository": "CRAN",
      "Requirements": [
        "R",
        "methods"
      ],
      "Hash": "f4dcd23b67e33d851d2079f703e8b985"
    },
    "future": {
      "Package": "future",
      "Version": "1.21.0",
      "Source": "Repository",
      "Repository": "CRAN",
      "Requirements": [
        "digest",
        "globals",
        "listenv",
        "parallel",
        "parallelly",
        "tools",
        "utils"
      ],
      "Hash": "f25fad6bee82b7ab01f055e2d813b96f"
    },
    "gdtools": {
      "Package": "gdtools",
      "Version": "0.3.2",
      "Source": "Repository",
      "Repository": "CRAN",
      "Requirements": [
        "R",
        "Rcpp",
        "curl",
        "fontquiver",
        "gfonts",
        "htmltools",
        "memoise",
        "systemfonts",
        "tools"
      ],
      "Hash": "0a177ef7aabba4a038af8fd7a045f479"
    },
    "generics": {
      "Package": "generics",
      "Version": "0.1.3",
      "Source": "Repository",
      "Repository": "CRAN",
      "Requirements": [
        "R",
        "methods"
      ],
      "Hash": "15e9634c0fcd294799e9b2e929ed1b86"
    },
    "gfonts": {
      "Package": "gfonts",
      "Version": "0.2.0",
      "Source": "Repository",
      "Repository": "CRAN",
      "Requirements": [
        "R",
        "crayon",
        "crul",
        "glue",
        "htmltools",
        "jsonlite",
        "shiny",
        "utils"
      ],
      "Hash": "a535d76cf92645364997a8751396d63b"
    },
    "ggplot2": {
      "Package": "ggplot2",
      "Version": "3.3.2",
      "Source": "Repository",
      "Repository": "CRAN",
      "Requirements": [
        "MASS",
        "R",
        "digest",
        "glue",
        "grDevices",
        "grid",
        "gtable",
        "isoband",
        "mgcv",
        "rlang",
        "scales",
        "stats",
        "tibble",
        "withr"
      ],
      "Hash": "4ded8b439797f7b1693bd3d238d0106b"
    },
    "gh": {
      "Package": "gh",
      "Version": "1.1.0",
      "Source": "Repository",
      "Repository": "CRAN",
      "Requirements": [
        "cli",
        "httr",
        "ini",
        "jsonlite"
      ],
      "Hash": "89ea5998938d1ad55f035c8a86f96b74"
    },
    "git2r": {
      "Package": "git2r",
      "Version": "0.27.1",
      "Source": "Repository",
      "Repository": "CRAN",
      "Requirements": [
        "R",
        "graphics",
        "utils"
      ],
      "Hash": "531a82d1beed1f545beb25f4f5945bf7"
    },
    "globals": {
      "Package": "globals",
      "Version": "0.14.0",
      "Source": "Repository",
      "Repository": "CRAN",
      "Requirements": [
        "R",
        "codetools"
      ],
      "Hash": "eca8023ed5ca6372479ebb9b3207f5ae"
    },
    "glue": {
      "Package": "glue",
      "Version": "1.6.2",
      "Source": "Repository",
      "Repository": "CRAN",
      "Requirements": [
        "R",
        "methods"
      ],
      "Hash": "4f2596dfb05dac67b9dc558e5c6fba2e"
    },
    "gridExtra": {
      "Package": "gridExtra",
      "Version": "2.3",
      "Source": "Repository",
      "Repository": "CRAN",
      "Requirements": [
        "grDevices",
        "graphics",
        "grid",
        "gtable",
        "utils"
      ],
      "Hash": "7d7f283939f563670a697165b2cf5560"
    },
    "gtable": {
      "Package": "gtable",
      "Version": "0.3.0",
      "Source": "Repository",
      "Repository": "CRAN",
      "Requirements": [
        "R",
        "grid"
      ],
      "Hash": "ac5c6baf7822ce8732b343f14c072c4d"
    },
    "highr": {
      "Package": "highr",
      "Version": "0.10",
      "Source": "Repository",
      "Repository": "CRAN",
      "Requirements": [
        "R",
        "xfun"
      ],
      "Hash": "06230136b2d2b9ba5805e1963fa6e890"
    },
    "hms": {
      "Package": "hms",
      "Version": "0.5.3",
      "Source": "Repository",
      "Repository": "CRAN",
      "Requirements": [
        "methods",
        "pkgconfig",
        "rlang",
        "vctrs"
      ],
      "Hash": "726671f634529d470545f9fd1a9d1869"
    },
    "hrbrthemes": {
      "Package": "hrbrthemes",
      "Version": "0.8.0",
      "Source": "Repository",
      "Repository": "CRAN",
      "Requirements": [
        "R",
        "extrafont",
        "gdtools",
        "ggplot2",
        "grDevices",
        "grid",
        "htmltools",
        "knitr",
        "magrittr",
        "rmarkdown",
        "scales",
        "tools"
      ],
      "Hash": "0d1257948f016840ad90320ed19c8c7d"
    },
    "htmltools": {
      "Package": "htmltools",
      "Version": "0.5.5",
      "Source": "Repository",
      "Repository": "CRAN",
      "Requirements": [
        "R",
        "base64enc",
        "digest",
        "ellipsis",
        "fastmap",
        "grDevices",
        "rlang",
        "utils"
      ],
      "Hash": "ba0240784ad50a62165058a27459304a"
    },
    "htmlwidgets": {
      "Package": "htmlwidgets",
      "Version": "1.5.1",
      "Source": "Repository",
      "Repository": "CRAN",
      "Requirements": [
        "grDevices",
        "htmltools",
        "jsonlite",
        "yaml"
      ],
      "Hash": "41bace23583fbc25089edae324de2dc3"
    },
    "httpcode": {
      "Package": "httpcode",
      "Version": "0.3.0",
      "Source": "Repository",
      "Repository": "CRAN",
      "Hash": "13641a1c6d2cc98801b76764078e17ea"
    },
    "httpuv": {
      "Package": "httpuv",
      "Version": "1.5.4",
      "Source": "Repository",
      "Repository": "CRAN",
      "Requirements": [
        "BH",
        "R",
        "R6",
        "Rcpp",
        "later",
        "promises",
        "utils"
      ],
      "Hash": "4e6dabb220b006ccdc3b3b5ff993b205"
    },
    "httr": {
      "Package": "httr",
      "Version": "1.4.2",
      "Source": "Repository",
      "Repository": "CRAN",
      "Requirements": [
        "R",
        "R6",
        "curl",
        "jsonlite",
        "mime",
        "openssl"
      ],
      "Hash": "a525aba14184fec243f9eaec62fbed43"
    },
    "ini": {
      "Package": "ini",
      "Version": "0.3.1",
      "Source": "Repository",
      "Repository": "CRAN",
      "Hash": "6154ec2223172bce8162d4153cda21f7"
    },
    "isoband": {
      "Package": "isoband",
      "Version": "0.2.2",
      "Source": "Repository",
      "Repository": "CRAN",
      "Requirements": [
        "grid",
        "testthat",
        "utils"
      ],
      "Hash": "6e58bd3d6b3dd82a944cd6f05ade228f"
    },
    "jquerylib": {
      "Package": "jquerylib",
      "Version": "0.1.4",
      "Source": "Repository",
      "Repository": "CRAN",
      "Requirements": [
        "htmltools"
      ],
      "Hash": "5aab57a3bd297eee1c1d862735972182"
    },
    "jsonlite": {
      "Package": "jsonlite",
      "Version": "1.8.4",
      "Source": "Repository",
      "Repository": "CRAN",
      "Requirements": [
        "methods"
      ],
      "Hash": "a4269a09a9b865579b2635c77e572374"
    },
    "knitr": {
      "Package": "knitr",
      "Version": "1.42",
      "Source": "Repository",
      "Repository": "CRAN",
      "Requirements": [
        "R",
        "evaluate",
        "highr",
        "methods",
        "tools",
        "xfun",
        "yaml"
      ],
      "Hash": "8329a9bcc82943c8069104d4be3ee22d"
    },
    "labeling": {
      "Package": "labeling",
      "Version": "0.3",
      "Source": "Repository",
      "Repository": "CRAN",
      "Hash": "73832978c1de350df58108c745ed0e3e"
    },
    "later": {
      "Package": "later",
      "Version": "1.3.0",
      "Source": "Repository",
      "Repository": "CRAN",
      "Requirements": [
        "Rcpp",
        "rlang"
      ],
      "Hash": "7e7b457d7766bc47f2a5f21cc2984f8e"
    },
    "lattice": {
      "Package": "lattice",
      "Version": "0.20-45",
      "Source": "Repository",
      "Repository": "CRAN",
      "Requirements": [
        "R",
        "grDevices",
        "graphics",
        "grid",
        "stats",
        "utils"
      ],
      "Hash": "b64cdbb2b340437c4ee047a1f4c4377b"
    },
    "lazyeval": {
      "Package": "lazyeval",
      "Version": "0.2.2",
      "Source": "Repository",
      "Repository": "CRAN",
      "Requirements": [
        "R"
      ],
      "Hash": "d908914ae53b04d4c0c0fd72ecc35370"
    },
    "lifecycle": {
      "Package": "lifecycle",
      "Version": "1.0.3",
      "Source": "Repository",
      "Repository": "CRAN",
      "Requirements": [
        "R",
        "cli",
        "glue",
        "rlang"
      ],
      "Hash": "001cecbeac1cff9301bdc3775ee46a86"
    },
    "listenv": {
      "Package": "listenv",
      "Version": "0.8.0",
      "Source": "Repository",
      "Repository": "CRAN",
      "Requirements": [
        "R"
      ],
      "Hash": "0bde42ee282efb18c7c4e63822f5b4f7"
    },
    "lubridate": {
      "Package": "lubridate",
      "Version": "1.7.9.2",
      "Source": "Repository",
      "Repository": "CRAN",
      "Requirements": [
        "R",
        "Rcpp",
        "generics",
        "methods"
      ],
      "Hash": "5b5b02f621d39a499def7923a5aee746"
    },
    "magrittr": {
      "Package": "magrittr",
      "Version": "2.0.3",
      "Source": "Repository",
      "Repository": "CRAN",
      "Requirements": [
        "R"
      ],
      "Hash": "7ce2733a9826b3aeb1775d56fd305472"
    },
    "memoise": {
      "Package": "memoise",
      "Version": "1.1.0",
      "Source": "Repository",
      "Repository": "CRAN",
      "Requirements": [
        "digest"
      ],
      "Hash": "58baa74e4603fcfb9a94401c58c8f9b1"
    },
    "mgcv": {
      "Package": "mgcv",
      "Version": "1.8-41",
      "Source": "Repository",
      "Repository": "CRAN",
      "Requirements": [
        "Matrix",
        "R",
        "graphics",
        "methods",
        "nlme",
        "splines",
        "stats",
        "utils"
      ],
      "Hash": "6b3904f13346742caa3e82dd0303d4ad"
    },
    "mime": {
      "Package": "mime",
      "Version": "0.9",
      "Source": "Repository",
      "Repository": "CRAN",
      "Requirements": [
        "tools"
      ],
      "Hash": "e87a35ec73b157552814869f45a63aa3"
    },
    "munsell": {
      "Package": "munsell",
      "Version": "0.5.0",
      "Source": "Repository",
      "Repository": "CRAN",
      "Requirements": [
        "colorspace",
        "methods"
      ],
      "Hash": "6dfe8bf774944bd5595785e3229d8771"
    },
    "nlme": {
      "Package": "nlme",
      "Version": "3.1-160",
      "Source": "Repository",
      "Repository": "CRAN",
      "Requirements": [
        "R",
        "graphics",
        "lattice",
        "stats",
        "utils"
      ],
      "Hash": "02e3c6e7df163aafa8477225e6827bc5"
    },
    "nnet": {
      "Package": "nnet",
      "Version": "7.3-18",
      "Source": "Repository",
      "Repository": "CRAN",
      "Requirements": [
        "R",
        "stats",
        "utils"
      ],
      "Hash": "170da2130d5332bea7d6ede01875ba1d"
    },
    "openssl": {
      "Package": "openssl",
      "Version": "1.4.3",
      "Source": "Repository",
      "Repository": "CRAN",
      "Requirements": [
        "askpass"
      ],
      "Hash": "a399e4773075fc2375b71f45fca186c4"
    },
    "parallelly": {
      "Package": "parallelly",
      "Version": "1.22.0",
      "Source": "Repository",
      "Repository": "CRAN",
      "Requirements": [
        "parallel",
        "tools",
        "utils"
      ],
      "Hash": "c8cd9aa518ef4b08bc10aa17b548c27c"
    },
    "pillar": {
      "Package": "pillar",
      "Version": "1.8.1",
      "Source": "Repository",
      "Repository": "CRAN",
      "Requirements": [
        "cli",
        "fansi",
        "glue",
        "lifecycle",
        "rlang",
        "utf8",
        "utils",
        "vctrs"
      ],
      "Hash": "f2316df30902c81729ae9de95ad5a608"
    },
    "pkgbuild": {
      "Package": "pkgbuild",
      "Version": "1.1.0",
      "Source": "Repository",
      "Repository": "CRAN",
      "Requirements": [
        "R",
        "R6",
        "callr",
        "cli",
        "crayon",
        "desc",
        "prettyunits",
        "rprojroot",
        "withr"
      ],
      "Hash": "404684bc4e3685007f9720adf13b06c1"
    },
    "pkgconfig": {
      "Package": "pkgconfig",
      "Version": "2.0.3",
      "Source": "Repository",
      "Repository": "CRAN",
      "Requirements": [
        "utils"
      ],
      "Hash": "01f28d4278f15c76cddbea05899c5d6f"
    },
    "pkgload": {
      "Package": "pkgload",
      "Version": "1.3.2",
      "Source": "Repository",
      "Repository": "CRAN",
      "Requirements": [
        "R",
        "cli",
        "crayon",
        "desc",
        "fs",
        "glue",
        "methods",
        "rlang",
        "rprojroot",
        "utils",
        "withr"
      ],
      "Hash": "6b0c222c5071efe0f3baf3dae9aa40e2"
    },
    "pool": {
      "Package": "pool",
      "Version": "0.1.5",
      "Source": "Repository",
      "Repository": "CRAN",
      "Requirements": [
        "DBI",
        "R",
        "R6",
        "later",
        "methods"
      ],
      "Hash": "73805281d4775a4849b83b5796457f17"
    },
    "pracma": {
      "Package": "pracma",
      "Version": "2.4.4",
      "Source": "Repository",
      "Repository": "CRAN",
      "Requirements": [
        "R",
        "grDevices",
        "graphics",
        "stats",
        "utils"
      ],
      "Hash": "44bc172d47d1ea0a638d9f299e321203"
    },
    "praise": {
      "Package": "praise",
      "Version": "1.0.0",
      "Source": "Repository",
      "Repository": "CRAN",
      "Hash": "a555924add98c99d2f411e37e7d25e9f"
    },
    "prettyunits": {
      "Package": "prettyunits",
      "Version": "1.1.1",
      "Source": "Repository",
      "Repository": "CRAN",
      "Hash": "95ef9167b75dde9d2ccc3c7528393e7e"
    },
    "processx": {
      "Package": "processx",
      "Version": "3.8.0",
      "Source": "Repository",
      "Repository": "CRAN",
      "Requirements": [
        "R",
        "R6",
        "ps",
        "utils"
      ],
      "Hash": "a33ee2d9bf07564efb888ad98410da84"
    },
    "progress": {
      "Package": "progress",
      "Version": "1.2.2",
      "Source": "Repository",
      "Repository": "CRAN",
      "Requirements": [
        "R6",
        "crayon",
        "hms",
        "prettyunits"
      ],
      "Hash": "14dc9f7a3c91ebb14ec5bb9208a07061"
    },
    "promises": {
      "Package": "promises",
      "Version": "1.1.1",
      "Source": "Repository",
      "Repository": "CRAN",
      "Requirements": [
        "R6",
        "Rcpp",
        "later",
        "magrittr",
        "rlang",
        "stats"
      ],
      "Hash": "a8730dcbdd19f9047774909f0ec214a4"
    },
    "ps": {
      "Package": "ps",
      "Version": "1.7.2",
      "Source": "Repository",
      "Repository": "CRAN",
      "Requirements": [
        "R",
        "utils"
      ],
      "Hash": "68dd03d98a5efd1eb3012436de45ba83"
    },
    "purrr": {
      "Package": "purrr",
      "Version": "1.0.1",
      "Source": "Repository",
      "Repository": "CRAN",
      "Requirements": [
        "R",
        "cli",
        "lifecycle",
        "magrittr",
        "rlang",
        "vctrs"
      ],
      "Hash": "d71c815267c640f17ddbf7f16144b4bb"
    },
    "rappdirs": {
      "Package": "rappdirs",
      "Version": "0.3.3",
      "Source": "Repository",
      "Repository": "CRAN",
      "Requirements": [
        "R"
      ],
      "Hash": "5e3c5dc0b071b21fa128676560dbe94d"
    },
    "rcmdcheck": {
      "Package": "rcmdcheck",
      "Version": "1.3.3",
      "Source": "Repository",
      "Repository": "CRAN",
      "Requirements": [
        "R6",
        "callr",
        "cli",
        "crayon",
        "desc",
        "digest",
        "pkgbuild",
        "prettyunits",
        "rprojroot",
        "sessioninfo",
        "utils",
        "withr",
        "xopen"
      ],
      "Hash": "ed95895886dab6d2a584da45503555da"
    },
    "readr": {
      "Package": "readr",
      "Version": "2.1.5",
      "Source": "Repository",
      "Repository": "CRAN",
      "Requirements": [
        "R",
        "R6",
        "cli",
        "clipr",
        "cpp11",
        "crayon",
        "hms",
        "lifecycle",
        "methods",
        "rlang",
        "tibble",
        "tzdb",
        "utils",
        "vroom"
      ],
      "Hash": "9de96463d2117f6ac49980577939dfb3"
    },
    "rematch2": {
      "Package": "rematch2",
      "Version": "2.1.2",
      "Source": "Repository",
      "Repository": "CRAN",
      "Requirements": [
        "tibble"
      ],
      "Hash": "76c9e04c712a05848ae7a23d2f170a40"
    },
    "remotes": {
      "Package": "remotes",
      "Version": "2.4.2",
      "Source": "Repository",
      "Repository": "CRAN",
      "Requirements": [
        "R",
        "methods",
        "stats",
        "tools",
        "utils"
      ],
      "Hash": "227045be9aee47e6dda9bb38ac870d67"
    },
    "renv": {
      "Package": "renv",
      "Version": "0.17.0",
      "Source": "Repository",
      "Repository": "CRAN",
      "Requirements": [
        "utils"
      ],
      "Hash": "ce3065fc1a0b64a859f55ac3998d6927"
    },
    "rex": {
      "Package": "rex",
      "Version": "1.2.1",
      "Source": "Repository",
      "Repository": "CRAN",
      "Requirements": [
        "lazyeval"
      ],
      "Hash": "ae34cd56890607370665bee5bd17812f"
    },
    "rhandsontable": {
      "Package": "rhandsontable",
      "Version": "0.3.7",
      "Source": "Repository",
      "Repository": "CRAN",
      "Requirements": [
        "htmlwidgets",
        "jsonlite",
        "magrittr",
        "methods"
      ],
      "Hash": "bf38ba1df24ecb204ae64b81c4774b43"
    },
    "rlang": {
      "Package": "rlang",
      "Version": "1.0.6",
      "Source": "Repository",
      "Repository": "CRAN",
      "Requirements": [
        "R",
        "utils"
      ],
      "Hash": "4ed1f8336c8d52c3e750adcdc57228a7"
    },
    "rmarkdown": {
      "Package": "rmarkdown",
      "Version": "2.20",
      "Source": "Repository",
      "Repository": "CRAN",
      "Requirements": [
        "R",
        "bslib",
        "evaluate",
        "htmltools",
        "jquerylib",
        "jsonlite",
        "knitr",
        "methods",
        "stringr",
        "tinytex",
        "tools",
        "utils",
        "xfun",
        "yaml"
      ],
      "Hash": "716fde5382293cc94a71f68c85b78d19"
    },
    "robustbase": {
      "Package": "robustbase",
      "Version": "0.93-6",
      "Source": "Repository",
      "Repository": "CRAN",
      "Requirements": [
        "DEoptimR",
        "R",
        "graphics",
        "methods",
        "stats",
        "utils"
      ],
      "Hash": "241454e22c9d26b11669b78d06706b41"
    },
    "roxygen2": {
      "Package": "roxygen2",
      "Version": "7.2.3",
      "Source": "Repository",
      "Repository": "CRAN",
      "Requirements": [
        "R",
        "R6",
        "brew",
        "cli",
        "commonmark",
        "cpp11",
        "desc",
        "knitr",
        "methods",
        "pkgload",
        "purrr",
        "rlang",
        "stringi",
        "stringr",
        "utils",
        "withr",
        "xml2"
      ],
      "Hash": "7b153c746193b143c14baa072bae4e27"
    },
    "rpart": {
      "Package": "rpart",
      "Version": "4.1.19",
      "Source": "Repository",
      "Repository": "CRAN",
      "Requirements": [
        "R",
        "grDevices",
        "graphics",
        "stats"
      ],
      "Hash": "b3c892a81783376cc2204af0f5805a80"
    },
    "rprojroot": {
      "Package": "rprojroot",
      "Version": "2.0.3",
      "Source": "Repository",
      "Repository": "CRAN",
      "Requirements": [
        "R"
      ],
      "Hash": "1de7ab598047a87bba48434ba35d497d"
    },
    "rstudioapi": {
      "Package": "rstudioapi",
      "Version": "0.11",
      "Source": "Repository",
      "Repository": "CRAN",
      "Hash": "33a5b27a03da82ac4b1d43268f80088a"
    },
    "rversions": {
      "Package": "rversions",
      "Version": "2.0.2",
      "Source": "Repository",
      "Repository": "CRAN",
      "Requirements": [
        "curl",
        "utils",
        "xml2"
      ],
      "Hash": "0ec41191f744d0f5afad8c6f35cc36e4"
    },
    "sass": {
      "Package": "sass",
      "Version": "0.2.0",
      "Source": "Repository",
      "Repository": "CRAN",
      "Requirements": [
        "digest",
        "fs",
        "htmltools",
        "rlang"
      ],
      "Hash": "441417bbd40d5bbd07561cc40fb182ed"
    },
    "scales": {
      "Package": "scales",
      "Version": "1.1.1",
      "Source": "Repository",
      "Repository": "CRAN",
      "Requirements": [
        "R",
        "R6",
        "RColorBrewer",
        "farver",
        "labeling",
        "lifecycle",
        "munsell",
        "viridisLite"
      ],
      "Hash": "6f76f71042411426ec8df6c54f34e6dd"
    },
    "sessioninfo": {
      "Package": "sessioninfo",
      "Version": "1.1.1",
      "Source": "Repository",
      "Repository": "CRAN",
      "Requirements": [
        "cli",
        "tools",
        "utils",
        "withr"
      ],
      "Hash": "308013098befe37484df72c39cf90d6e"
    },
    "shiny": {
      "Package": "shiny",
      "Version": "1.5.0",
      "Source": "Repository",
      "Repository": "CRAN",
      "Requirements": [
        "R",
        "R6",
        "commonmark",
        "crayon",
        "digest",
        "fastmap",
        "glue",
        "grDevices",
        "htmltools",
        "httpuv",
        "jsonlite",
        "later",
        "methods",
        "mime",
        "promises",
        "rlang",
        "sourcetools",
        "tools",
        "utils",
        "withr",
        "xtable"
      ],
      "Hash": "ee4ed72d7a5047d9e73cf922ad66e9c9"
    },
    "shinyWidgets": {
      "Package": "shinyWidgets",
      "Version": "0.5.4",
      "Source": "Repository",
      "Repository": "CRAN",
      "Requirements": [
        "R",
        "grDevices",
        "htmltools",
        "jsonlite",
        "shiny"
      ],
      "Hash": "2d537ac92c7ad118263cbd797c07f180"
    },
    "shinybusy": {
      "Package": "shinybusy",
      "Version": "0.2.2",
      "Source": "Repository",
      "Repository": "CRAN",
      "Requirements": [
        "htmltools",
        "htmlwidgets",
        "jsonlite",
        "shiny"
      ],
      "Hash": "c38fc071d4def5e642c8dc34c3a082e4"
    },
    "shinycssloaders": {
      "Package": "shinycssloaders",
      "Version": "1.0.0",
      "Source": "Repository",
      "Repository": "CRAN",
      "Requirements": [
        "R",
        "digest",
        "glue",
        "grDevices",
        "shiny"
      ],
      "Hash": "f39bb3c44a9b496723ec7e86f9a771d8"
    },
    "shinyjs": {
      "Package": "shinyjs",
      "Version": "2.0.0",
      "Source": "Repository",
      "Repository": "CRAN",
      "Requirements": [
        "R",
        "digest",
        "htmltools",
        "jsonlite",
        "shiny"
      ],
      "Hash": "9ddfc91d4280eaa34c2103951538976f"
    },
    "signal": {
      "Package": "signal",
      "Version": "1.8-1",
      "Source": "Repository",
      "Repository": "CRAN",
      "Requirements": [
        "MASS",
        "R",
        "grDevices",
        "graphics",
        "stats",
        "utils"
      ],
      "Hash": "2f286162ac1320c8e244331368cf9029"
    },
    "sodium": {
      "Package": "sodium",
      "Version": "1.1",
      "Source": "Repository",
      "Repository": "CRAN",
      "Hash": "9f07fda8802e9a2ed7e91f20f2d814ce"
    },
    "solartime": {
      "Package": "solartime",
      "Version": "0.0.1",
      "Source": "Repository",
      "Repository": "CRAN",
      "Requirements": [
        "R",
        "lubridate"
      ],
      "Hash": "bd2d9b8547cc7fba94ea335398eb44da"
    },
    "sourcetools": {
      "Package": "sourcetools",
      "Version": "0.1.7",
      "Source": "Repository",
      "Repository": "CRAN",
      "Requirements": [
        "R"
      ],
      "Hash": "947e4e02a79effa5d512473e10f41797"
    },
    "spatial": {
      "Package": "spatial",
      "Version": "7.3-11",
      "Source": "Repository",
      "Repository": "CRAN",
      "Requirements": [
        "R",
        "graphics",
        "stats",
        "utils"
      ],
      "Hash": "f27a078d834614513608da2c08031130"
    },
    "stringi": {
      "Package": "stringi",
      "Version": "1.7.12",
      "Source": "Repository",
      "Repository": "CRAN",
      "Requirements": [
        "R",
        "stats",
        "tools",
        "utils"
      ],
      "Hash": "ca8bd84263c77310739d2cf64d84d7c9"
    },
    "stringr": {
      "Package": "stringr",
      "Version": "1.5.0",
      "Source": "Repository",
      "Repository": "CRAN",
      "Requirements": [
        "R",
        "cli",
        "glue",
        "lifecycle",
        "magrittr",
        "rlang",
        "stringi",
        "vctrs"
      ],
      "Hash": "671a4d384ae9d32fc47a14e98bfa3dc8"
    },
    "survival": {
      "Package": "survival",
      "Version": "3.5-3",
      "Source": "Repository",
      "Repository": "CRAN",
      "Requirements": [
        "Matrix",
        "R",
        "graphics",
        "methods",
        "splines",
        "stats",
        "utils"
      ],
      "Hash": "aea2b8787db7088ba50ba389848569ee"
    },
    "sys": {
      "Package": "sys",
      "Version": "3.4",
      "Source": "Repository",
      "Repository": "CRAN",
      "Hash": "b227d13e29222b4574486cfcbde077fa"
    },
    "systemfonts": {
      "Package": "systemfonts",
      "Version": "1.0.4",
      "Source": "Repository",
      "Repository": "CRAN",
      "Requirements": [
        "R",
        "cpp11"
      ],
      "Hash": "90b28393209827327de889f49935140a"
    },
    "testthat": {
      "Package": "testthat",
      "Version": "2.3.2",
      "Source": "Repository",
      "Repository": "CRAN",
      "Requirements": [
        "R",
        "R6",
        "cli",
        "crayon",
        "digest",
        "ellipsis",
        "evaluate",
        "magrittr",
        "methods",
        "pkgload",
        "praise",
        "rlang",
        "withr"
      ],
      "Hash": "0829b987b8961fb07f3b1b64a2fbc495"
    },
    "tibble": {
      "Package": "tibble",
      "Version": "3.1.8",
      "Source": "Repository",
      "Repository": "CRAN",
      "Requirements": [
        "R",
        "fansi",
        "lifecycle",
        "magrittr",
        "methods",
        "pillar",
        "pkgconfig",
        "rlang",
        "utils",
        "vctrs"
      ],
      "Hash": "56b6934ef0f8c68225949a8672fe1a8f"
    },
    "tidyr": {
      "Package": "tidyr",
      "Version": "1.1.2",
      "Source": "Repository",
      "Repository": "CRAN",
      "Requirements": [
        "R",
        "cpp11",
        "dplyr",
        "ellipsis",
        "glue",
        "lifecycle",
        "magrittr",
        "purrr",
        "rlang",
        "tibble",
        "tidyselect",
        "utils",
        "vctrs"
      ],
      "Hash": "c40b2d5824d829190f4b825f4496dfae"
    },
    "tidyselect": {
      "Package": "tidyselect",
      "Version": "1.2.0",
      "Source": "Repository",
      "Repository": "CRAN",
      "Requirements": [
        "R",
        "cli",
        "glue",
        "lifecycle",
        "rlang",
        "vctrs",
        "withr"
      ],
      "Hash": "79540e5fcd9e0435af547d885f184fd5"
    },
    "tinytex": {
      "Package": "tinytex",
      "Version": "0.44",
      "Source": "Repository",
      "Repository": "CRAN",
      "Requirements": [
        "xfun"
      ],
      "Hash": "c0f007e2eeed7722ce13d42b84a22e07"
    },
    "triebeard": {
      "Package": "triebeard",
      "Version": "0.4.1",
      "Source": "Repository",
      "Repository": "CRAN",
      "Requirements": [
        "Rcpp"
      ],
      "Hash": "642507a148b0dd9b5620177e0a044413"
    },
    "tzdb": {
      "Package": "tzdb",
      "Version": "0.3.0",
      "Source": "Repository",
      "Repository": "CRAN",
      "Requirements": [
        "R",
        "cpp11"
      ],
      "Hash": "b2e1cbce7c903eaf23ec05c58e59fb5e"
    },
    "urltools": {
      "Package": "urltools",
      "Version": "1.7.3",
      "Source": "Repository",
      "Repository": "CRAN",
      "Requirements": [
        "R",
        "Rcpp",
        "methods",
        "triebeard"
      ],
      "Hash": "e86a704261a105f4703f653e05defa3e"
    },
    "usethis": {
      "Package": "usethis",
      "Version": "1.6.3",
      "Source": "Repository",
      "Repository": "CRAN",
      "Requirements": [
        "R",
        "cli",
        "clipr",
        "crayon",
        "curl",
        "desc",
        "fs",
        "gh",
        "git2r",
        "glue",
        "purrr",
        "rematch2",
        "rlang",
        "rprojroot",
        "rstudioapi",
        "stats",
        "utils",
        "whisker",
        "withr",
        "yaml"
      ],
      "Hash": "c541a7aed5f7fb3b487406bf92842e34"
    },
    "utf8": {
      "Package": "utf8",
      "Version": "1.2.3",
      "Source": "Repository",
      "Repository": "CRAN",
      "Requirements": [
        "R"
      ],
      "Hash": "1fe17157424bb09c48a8b3b550c753bc"
    },
    "vctrs": {
      "Package": "vctrs",
      "Version": "0.5.2",
      "Source": "Repository",
      "Repository": "CRAN",
      "Requirements": [
        "R",
        "cli",
        "glue",
        "lifecycle",
        "rlang"
      ],
      "Hash": "e4ffa94ceed5f124d429a5a5f0f5b378"
    },
    "viridisLite": {
      "Package": "viridisLite",
      "Version": "0.3.0",
      "Source": "Repository",
      "Repository": "CRAN",
      "Requirements": [
        "R"
      ],
      "Hash": "ce4f6271baa94776db692f1cb2055bee"
    },
    "vroom": {
      "Package": "vroom",
      "Version": "1.6.1",
      "Source": "Repository",
      "Repository": "CRAN",
      "Requirements": [
        "R",
        "bit64",
        "cli",
        "cpp11",
        "crayon",
        "glue",
        "hms",
        "lifecycle",
        "methods",
        "progress",
        "rlang",
        "stats",
        "tibble",
        "tidyselect",
        "tzdb",
        "vctrs",
        "withr"
      ],
      "Hash": "7015a74373b83ffaef64023f4a0f5033"
    },
    "whisker": {
      "Package": "whisker",
      "Version": "0.4",
      "Source": "Repository",
      "Repository": "CRAN",
      "Hash": "ca970b96d894e90397ed20637a0c1bbe"
    },
    "withr": {
      "Package": "withr",
      "Version": "2.5.0",
      "Source": "Repository",
      "Repository": "CRAN",
      "Requirements": [
        "R",
        "grDevices",
        "graphics",
        "stats"
      ],
      "Hash": "c0e49a9760983e81e55cdd9be92e7182"
    },
    "xfun": {
      "Package": "xfun",
      "Version": "0.37",
      "Source": "Repository",
      "Repository": "CRAN",
      "Requirements": [
        "stats",
        "tools"
      ],
      "Hash": "a6860e1400a8fd1ddb6d9b4230cc34ab"
    },
    "xml2": {
      "Package": "xml2",
      "Version": "1.3.3",
      "Source": "Repository",
      "Repository": "CRAN",
      "Requirements": [
        "R",
        "methods"
      ],
      "Hash": "40682ed6a969ea5abfd351eb67833adc"
    },
    "xopen": {
      "Package": "xopen",
      "Version": "1.0.0",
      "Source": "Repository",
      "Repository": "CRAN",
      "Requirements": [
        "R",
        "processx"
      ],
      "Hash": "6c85f015dee9cc7710ddd20f86881f58"
    },
    "xtable": {
      "Package": "xtable",
      "Version": "1.8-4",
      "Source": "Repository",
      "Repository": "CRAN",
      "Requirements": [
        "R",
        "stats",
        "utils"
      ],
      "Hash": "b8acdf8af494d9ec19ccb2481a9b11c2"
    },
    "yaml": {
      "Package": "yaml",
      "Version": "2.3.7",
      "Source": "Repository",
      "Repository": "CRAN",
      "Hash": "0d0056cc5383fbc240ccd0cb584bf436"
    }
  }
}
